{
  "name": "higanbana",
  "version": "1.0.12",
  "lockfileVersion": 1,
  "requires": true,
  "dependencies": {
    "@types/events": {
      "version": "3.0.0",
      "resolved": "https://registry.npmjs.org/@types/events/-/events-3.0.0.tgz",
      "integrity": "sha512-EaObqwIvayI5a8dCzhFrjKzVwKLxjoG9T6Ppd5CEo07LRKfQ8Yokw54r5+Wq7FaBQ+yXRvQAYPrHwya1/UFt9g==",
      "dev": true
    },
    "@types/jsdom": {
      "version": "11.12.0",
      "resolved": "https://registry.npmjs.org/@types/jsdom/-/jsdom-11.12.0.tgz",
      "integrity": "sha512-XHMNZFQ0Ih3A4/NTWAO15+OsQafPKnQCanN0FYGbsTM/EoI5EoEAvvkF51/DQC2BT5low4tomp7k2RLMlriA5Q==",
      "dev": true,
      "requires": {
        "@types/events": "*",
        "@types/node": "*",
        "@types/tough-cookie": "*",
        "parse5": "^4.0.0"
      }
    },
    "@types/node": {
      "version": "9.6.47",
      "resolved": "https://registry.npmjs.org/@types/node/-/node-9.6.47.tgz",
      "integrity": "sha512-56wEJWXZs+3XXoTe/OCpdZ6czrONhy+6hT0GdPOb7HvudLTMJ1T5tuZPs37K5cPR5t+J9+vLPFDQgUQ8NWJE1w==",
      "dev": true
    },
    "@types/parse5": {
      "version": "3.0.0",
      "resolved": "https://registry.npmjs.org/@types/parse5/-/parse5-3.0.0.tgz",
      "integrity": "sha1-tjMFcY2Cr0Kp5dp5xW7PwfMuMsA=",
      "dev": true,
      "requires": {
        "parse5": "*"
      }
    },
    "@types/tough-cookie": {
      "version": "2.3.5",
      "resolved": "https://registry.npmjs.org/@types/tough-cookie/-/tough-cookie-2.3.5.tgz",
      "integrity": "sha512-SCcK7mvGi3+ZNz833RRjFIxrn4gI1PPR3NtuIS+6vMkvmsGjosqTJwRt5bAEFLRz+wtJMWv8+uOnZf2hi2QXTg==",
      "dev": true
    },
    "buffer-alloc": {
      "version": "1.2.0",
      "resolved": "https://registry.npmjs.org/buffer-alloc/-/buffer-alloc-1.2.0.tgz",
      "integrity": "sha512-CFsHQgjtW1UChdXgbyJGtnm+O/uLQeZdtbDo8mfUgYXCHSM1wgrVxXm6bSyrUuErEb+4sYVGCzASBRot7zyrow==",
      "requires": {
        "buffer-alloc-unsafe": "^1.1.0",
        "buffer-fill": "^1.0.0"
      }
    },
    "buffer-alloc-unsafe": {
      "version": "1.1.0",
      "resolved": "https://registry.npmjs.org/buffer-alloc-unsafe/-/buffer-alloc-unsafe-1.1.0.tgz",
      "integrity": "sha512-TEM2iMIEQdJ2yjPJoSIsldnleVaAk1oW3DBVUykyOLsEsFmEc9kn+SFFPz+gl54KQNxlDnAwCXosOS9Okx2xAg=="
    },
    "buffer-fill": {
      "version": "1.0.0",
      "resolved": "https://registry.npmjs.org/buffer-fill/-/buffer-fill-1.0.0.tgz",
      "integrity": "sha1-+PeLdniYiO858gXNY39o5wISKyw="
    },
    "md5-file": {
      "version": "3.2.3",
      "resolved": "https://registry.npmjs.org/md5-file/-/md5-file-3.2.3.tgz",
      "integrity": "sha512-3Tkp1piAHaworfcCgH0jKbTvj1jWWFgbvh2cXaNCgHwyTCBxxvD1Y04rmfpvdPm1P4oXMOpm6+2H7sr7v9v8Fw==",
      "requires": {
        "buffer-alloc": "^1.1.0"
      }
    },
    "parse5": {
      "version": "4.0.0",
      "resolved": "https://registry.npmjs.org/parse5/-/parse5-4.0.0.tgz",
      "integrity": "sha512-VrZ7eOd3T1Fk4XWNXMgiGBK/z0MG48BWG2uQNU4I72fkQuKUTZpl+u9k+CxEG0twMVzSmXEEz12z5Fnw1jIQFA=="
    }
  }
}
